
Microsoft Visual Studio Solution File, Format Version 12.00
# Visual Studio Version 17
VisualStudioVersion = 17.0.32014.148
MinimumVisualStudioVersion = 10.0.40219.1
Project("{FAE04EC0-301F-11D3-BF4B-00C04F79EFBC}") = "Abstract", "Abstract\Abstract.csproj", "{F765AB9D-6BFA-4534-90CD-BA7C09A18AF3}"
EndProject
Global
	GlobalSection(SolutionConfigurationPlatforms) = preSolution
		Debug|Any CPU = Debug|Any CPU
		Release|Any CPU = Release|Any CPU
	EndGlobalSection
	GlobalSection(ProjectConfigurationPlatforms) = postSolution
		{F765AB9D-6BFA-4534-90CD-BA7C09A18AF3}.Debug|Any CPU.ActiveCfg = Debug|Any CPU
		{F765AB9D-6BFA-4534-90CD-BA7C09A18AF3}.Debug|Any CPU.Build.0 = Debug|Any CPU
		{F765AB9D-6BFA-4534-90CD-BA7C09A18AF3}.Release|Any CPU.ActiveCfg = Release|Any CPU
		{F765AB9D-6BFA-4534-90CD-BA7C09A18AF3}.Release|Any CPU.Build.0 = Release|Any CPU
	EndGlobalSection
	GlobalSection(SolutionProperties) = preSolution
		HideSolutionNode = FALSE
	EndGlobalSection
	GlobalSection(ExtensibilityGlobals) = postSolution
		SolutionGuid = {C1EF9B8F-13E4-40BB-AEEB-7621764C5922}
	EndGlobalSection
EndGlobal
